
Microsoft Visual Studio Solution File, Format Version 12.00
# Visual Studio Version 17
VisualStudioVersion = 17.5.33516.290
MinimumVisualStudioVersion = 10.0.40219.1
Project("{FAE04EC0-301F-11D3-BF4B-00C04F79EFBC}") = "SmartShop.Api", "SmartShop.Api\SmartShop.Api.csproj", "{9BCBB681-D5DB-49C4-818C-67C53B396194}"
EndProject
Project("{FAE04EC0-301F-11D3-BF4B-00C04F79EFBC}") = "SmartShop.Infrastructure", "SmartShop.Infrastructure\SmartShop.Infrastructure.csproj", "{01F67100-58BC-4531-B552-DDA6EE052739}"
EndProject
Project("{FAE04EC0-301F-11D3-BF4B-00C04F79EFBC}") = "SmartShop.Model", "SmartShop.Model\SmartShop.Model.csproj", "{1AE76D29-87A7-4DDC-88E9-7F6A9CEBB398}"
EndProject
Project("{FAE04EC0-301F-11D3-BF4B-00C04F79EFBC}") = "SmartShop.Service", "SmartShop.Service\SmartShop.Service.csproj", "{F3794B94-20B1-4098-8E13-4A994BD8680B}"
EndProject
Project("{FAE04EC0-301F-11D3-BF4B-00C04F79EFBC}") = "SmartShop.Tests", "SmartShop.Tests\SmartShop.Tests.csproj", "{B6CD16A6-0430-4C8B-8B5C-88D0126D897E}"
EndProject
Global
	GlobalSection(SolutionConfigurationPlatforms) = preSolution
		Debug|Any CPU = Debug|Any CPU
		Release|Any CPU = Release|Any CPU
	EndGlobalSection
	GlobalSection(ProjectConfigurationPlatforms) = postSolution
		{9BCBB681-D5DB-49C4-818C-67C53B396194}.Debug|Any CPU.ActiveCfg = Debug|Any CPU
		{9BCBB681-D5DB-49C4-818C-67C53B396194}.Debug|Any CPU.Build.0 = Debug|Any CPU
		{9BCBB681-D5DB-49C4-818C-67C53B396194}.Release|Any CPU.ActiveCfg = Release|Any CPU
		{9BCBB681-D5DB-49C4-818C-67C53B396194}.Release|Any CPU.Build.0 = Release|Any CPU
		{01F67100-58BC-4531-B552-DDA6EE052739}.Debug|Any CPU.ActiveCfg = Debug|Any CPU
		{01F67100-58BC-4531-B552-DDA6EE052739}.Debug|Any CPU.Build.0 = Debug|Any CPU
		{01F67100-58BC-4531-B552-DDA6EE052739}.Release|Any CPU.ActiveCfg = Release|Any CPU
		{01F67100-58BC-4531-B552-DDA6EE052739}.Release|Any CPU.Build.0 = Release|Any CPU
		{1AE76D29-87A7-4DDC-88E9-7F6A9CEBB398}.Debug|Any CPU.ActiveCfg = Debug|Any CPU
		{1AE76D29-87A7-4DDC-88E9-7F6A9CEBB398}.Debug|Any CPU.Build.0 = Debug|Any CPU
		{1AE76D29-87A7-4DDC-88E9-7F6A9CEBB398}.Release|Any CPU.ActiveCfg = Release|Any CPU
		{1AE76D29-87A7-4DDC-88E9-7F6A9CEBB398}.Release|Any CPU.Build.0 = Release|Any CPU
		{F3794B94-20B1-4098-8E13-4A994BD8680B}.Debug|Any CPU.ActiveCfg = Debug|Any CPU
		{F3794B94-20B1-4098-8E13-4A994BD8680B}.Debug|Any CPU.Build.0 = Debug|Any CPU
		{F3794B94-20B1-4098-8E13-4A994BD8680B}.Release|Any CPU.ActiveCfg = Release|Any CPU
		{F3794B94-20B1-4098-8E13-4A994BD8680B}.Release|Any CPU.Build.0 = Release|Any CPU
		{B6CD16A6-0430-4C8B-8B5C-88D0126D897E}.Debug|Any CPU.ActiveCfg = Debug|Any CPU
		{B6CD16A6-0430-4C8B-8B5C-88D0126D897E}.Debug|Any CPU.Build.0 = Debug|Any CPU
		{B6CD16A6-0430-4C8B-8B5C-88D0126D897E}.Release|Any CPU.ActiveCfg = Release|Any CPU
		{B6CD16A6-0430-4C8B-8B5C-88D0126D897E}.Release|Any CPU.Build.0 = Release|Any CPU
	EndGlobalSection
	GlobalSection(SolutionProperties) = preSolution
		HideSolutionNode = FALSE
	EndGlobalSection
	GlobalSection(ExtensibilityGlobals) = postSolution
		SolutionGuid = {0433AF3B-E00B-412D-93E5-DF6114396152}
	EndGlobalSection
EndGlobal
