
Microsoft Visual Studio Solution File, Format Version 12.00
# Visual Studio Version 17
VisualStudioVersion = 17.5.33516.290
MinimumVisualStudioVersion = 10.0.40219.1
Project("{FAE04EC0-301F-11D3-BF4B-00C04F79EFBC}") = "Auth.API", "Auth.API\Auth.API.csproj", "{99C5E03F-B694-427B-A814-4DCC07291E07}"
EndProject
Project("{FAE04EC0-301F-11D3-BF4B-00C04F79EFBC}") = "Auth.Infrastructure", "Auth.Infrastructure\Auth.Infrastructure.csproj", "{9E8C3EF0-3926-49FD-9356-BEFCE0EE4FCE}"
EndProject
Project("{FAE04EC0-301F-11D3-BF4B-00C04F79EFBC}") = "Auth.Tests", "Auth.Tests\Auth.Tests.csproj", "{A8F96275-19E3-47AF-B983-B069D6563170}"
EndProject
Project("{FAE04EC0-301F-11D3-BF4B-00C04F79EFBC}") = "Auth.Model", "Auth.Model\Auth.Model.csproj", "{815C705F-91C1-4C5C-9E18-707884085318}"
EndProject
Project("{FAE04EC0-301F-11D3-BF4B-00C04F79EFBC}") = "Auth.Service", "Auth.Service\Auth.Service.csproj", "{BF1553DE-1D5D-49E5-9D50-E29526862CFE}"
EndProject
Global
	GlobalSection(SolutionConfigurationPlatforms) = preSolution
		Debug|Any CPU = Debug|Any CPU
		Release|Any CPU = Release|Any CPU
	EndGlobalSection
	GlobalSection(ProjectConfigurationPlatforms) = postSolution
		{99C5E03F-B694-427B-A814-4DCC07291E07}.Debug|Any CPU.ActiveCfg = Debug|Any CPU
		{99C5E03F-B694-427B-A814-4DCC07291E07}.Debug|Any CPU.Build.0 = Debug|Any CPU
		{99C5E03F-B694-427B-A814-4DCC07291E07}.Release|Any CPU.ActiveCfg = Release|Any CPU
		{99C5E03F-B694-427B-A814-4DCC07291E07}.Release|Any CPU.Build.0 = Release|Any CPU
		{9E8C3EF0-3926-49FD-9356-BEFCE0EE4FCE}.Debug|Any CPU.ActiveCfg = Debug|Any CPU
		{9E8C3EF0-3926-49FD-9356-BEFCE0EE4FCE}.Debug|Any CPU.Build.0 = Debug|Any CPU
		{9E8C3EF0-3926-49FD-9356-BEFCE0EE4FCE}.Release|Any CPU.ActiveCfg = Release|Any CPU
		{9E8C3EF0-3926-49FD-9356-BEFCE0EE4FCE}.Release|Any CPU.Build.0 = Release|Any CPU
		{A8F96275-19E3-47AF-B983-B069D6563170}.Debug|Any CPU.ActiveCfg = Debug|Any CPU
		{A8F96275-19E3-47AF-B983-B069D6563170}.Debug|Any CPU.Build.0 = Debug|Any CPU
		{A8F96275-19E3-47AF-B983-B069D6563170}.Release|Any CPU.ActiveCfg = Release|Any CPU
		{A8F96275-19E3-47AF-B983-B069D6563170}.Release|Any CPU.Build.0 = Release|Any CPU
		{815C705F-91C1-4C5C-9E18-707884085318}.Debug|Any CPU.ActiveCfg = Debug|Any CPU
		{815C705F-91C1-4C5C-9E18-707884085318}.Debug|Any CPU.Build.0 = Debug|Any CPU
		{815C705F-91C1-4C5C-9E18-707884085318}.Release|Any CPU.ActiveCfg = Release|Any CPU
		{815C705F-91C1-4C5C-9E18-707884085318}.Release|Any CPU.Build.0 = Release|Any CPU
		{BF1553DE-1D5D-49E5-9D50-E29526862CFE}.Debug|Any CPU.ActiveCfg = Debug|Any CPU
		{BF1553DE-1D5D-49E5-9D50-E29526862CFE}.Debug|Any CPU.Build.0 = Debug|Any CPU
		{BF1553DE-1D5D-49E5-9D50-E29526862CFE}.Release|Any CPU.ActiveCfg = Release|Any CPU
		{BF1553DE-1D5D-49E5-9D50-E29526862CFE}.Release|Any CPU.Build.0 = Release|Any CPU
	EndGlobalSection
	GlobalSection(SolutionProperties) = preSolution
		HideSolutionNode = FALSE
	EndGlobalSection
	GlobalSection(ExtensibilityGlobals) = postSolution
		SolutionGuid = {73126647-CFA8-4B51-B6F8-BA12D8FF05F9}
	EndGlobalSection
EndGlobal
